// !$*UTF8*$!
{
	archiveVersion = 1;
	classes = {
	};
	objectVersion = 50;
	objects = {

/* Begin PBXBuildFile section */
		6527E21E220273CE00FFFEDF /* FrameBuffer.cpp in Sources */ = {isa = PBXBuildFile; fileRef = 6527E218220273CE00FFFEDF /* FrameBuffer.cpp */; };
		6527E21F220273CE00FFFEDF /* Defines.cpp in Sources */ = {isa = PBXBuildFile; fileRef = 6527E21B220273CE00FFFEDF /* Defines.cpp */; };
		6527E220220273CE00FFFEDF /* Lab1.cpp in Sources */ = {isa = PBXBuildFile; fileRef = 6527E21D220273CE00FFFEDF /* Lab1.cpp */; };
		6527E2252203493200FFFEDF /* GLUT.framework in Frameworks */ = {isa = PBXBuildFile; fileRef = 6527E2242203493200FFFEDF /* GLUT.framework */; };
		6527E2272203493B00FFFEDF /* OpenGL.framework in Frameworks */ = {isa = PBXBuildFile; fileRef = 6527E2262203493B00FFFEDF /* OpenGL.framework */; };
		6527E22A220369CD00FFFEDF /* MyRectangle.cpp in Sources */ = {isa = PBXBuildFile; fileRef = 6527E228220369CD00FFFEDF /* MyRectangle.cpp */; };
		6527E22D2203834B00FFFEDF /* Square.cpp in Sources */ = {isa = PBXBuildFile; fileRef = 6527E22B2203834B00FFFEDF /* Square.cpp */; };
		6527E2312203B80100FFFEDF /* Triangle.cpp in Sources */ = {isa = PBXBuildFile; fileRef = 6527E22F2203B80100FFFEDF /* Triangle.cpp */; };
/* End PBXBuildFile section */

/* Begin PBXCopyFilesBuildPhase section */
		6527E20C220273AA00FFFEDF /* CopyFiles */ = {
			isa = PBXCopyFilesBuildPhase;
			buildActionMask = 2147483647;
			dstPath = /usr/share/man/man1/;
			dstSubfolderSpec = 0;
			files = (
			);
			runOnlyForDeploymentPostprocessing = 1;
		};
/* End PBXCopyFilesBuildPhase section */

/* Begin PBXFileReference section */
		6527E20E220273AA00FFFEDF /* Lab1 */ = {isa = PBXFileReference; explicitFileType = "compiled.mach-o.executable"; includeInIndex = 0; path = Lab1; sourceTree = BUILT_PRODUCTS_DIR; };
		6527E218220273CE00FFFEDF /* FrameBuffer.cpp */ = {isa = PBXFileReference; fileEncoding = 4; lastKnownFileType = sourcecode.cpp.cpp; path = FrameBuffer.cpp; sourceTree = "<group>"; };
		6527E219220273CE00FFFEDF /* Defines.h */ = {isa = PBXFileReference; fileEncoding = 4; lastKnownFileType = sourcecode.c.h; path = Defines.h; sourceTree = "<group>"; };
		6527E21A220273CE00FFFEDF /* FrameBuffer.h */ = {isa = PBXFileReference; fileEncoding = 4; lastKnownFileType = sourcecode.c.h; path = FrameBuffer.h; sourceTree = "<group>"; };
		6527E21B220273CE00FFFEDF /* Defines.cpp */ = {isa = PBXFileReference; fileEncoding = 4; lastKnownFileType = sourcecode.cpp.cpp; path = Defines.cpp; sourceTree = "<group>"; };
		6527E21C220273CE00FFFEDF /* Lab1.h */ = {isa = PBXFileReference; fileEncoding = 4; lastKnownFileType = sourcecode.c.h; path = Lab1.h; sourceTree = "<group>"; };
		6527E21D220273CE00FFFEDF /* Lab1.cpp */ = {isa = PBXFileReference; fileEncoding = 4; lastKnownFileType = sourcecode.cpp.cpp; path = Lab1.cpp; sourceTree = "<group>"; };
		6527E2222203483600FFFEDF /* libglut.3.10.0.dylib */ = {isa = PBXFileReference; lastKnownFileType = "compiled.mach-o.dylib"; name = libglut.3.10.0.dylib; path = ../../../../../../usr/local/Cellar/freeglut/3.0.0/lib/libglut.3.10.0.dylib; sourceTree = "<group>"; };
		6527E2242203493200FFFEDF /* GLUT.framework */ = {isa = PBXFileReference; lastKnownFileType = wrapper.framework; name = GLUT.framework; path = System/Library/Frameworks/GLUT.framework; sourceTree = SDKROOT; };
		6527E2262203493B00FFFEDF /* OpenGL.framework */ = {isa = PBXFileReference; lastKnownFileType = wrapper.framework; name = OpenGL.framework; path = System/Library/Frameworks/OpenGL.framework; sourceTree = SDKROOT; };
		6527E228220369CD00FFFEDF /* MyRectangle.cpp */ = {isa = PBXFileReference; lastKnownFileType = sourcecode.cpp.cpp; path = MyRectangle.cpp; sourceTree = "<group>"; };
		6527E229220369CD00FFFEDF /* MyRectangle.h */ = {isa = PBXFileReference; lastKnownFileType = sourcecode.c.h; path = MyRectangle.h; sourceTree = "<group>"; };
		6527E22B2203834B00FFFEDF /* Square.cpp */ = {isa = PBXFileReference; lastKnownFileType = sourcecode.cpp.cpp; path = Square.cpp; sourceTree = "<group>"; };
		6527E22C2203834B00FFFEDF /* Square.h */ = {isa = PBXFileReference; lastKnownFileType = sourcecode.c.h; path = Square.h; sourceTree = "<group>"; };
		6527E22F2203B80100FFFEDF /* Triangle.cpp */ = {isa = PBXFileReference; lastKnownFileType = sourcecode.cpp.cpp; path = Triangle.cpp; sourceTree = "<group>"; };
		6527E2302203B80100FFFEDF /* Triangle.h */ = {isa = PBXFileReference; lastKnownFileType = sourcecode.c.h; path = Triangle.h; sourceTree = "<group>"; };
/* End PBXFileReference section */

/* Begin PBXFrameworksBuildPhase section */
		6527E20B220273AA00FFFEDF /* Frameworks */ = {
			isa = PBXFrameworksBuildPhase;
			buildActionMask = 2147483647;
			files = (
				6527E2272203493B00FFFEDF /* OpenGL.framework in Frameworks */,
				6527E2252203493200FFFEDF /* GLUT.framework in Frameworks */,
			);
			runOnlyForDeploymentPostprocessing = 0;
		};
/* End PBXFrameworksBuildPhase section */

/* Begin PBXGroup section */
		6527E205220273AA00FFFEDF = {
			isa = PBXGroup;
			children = (
				6527E210220273AA00FFFEDF /* Lab1 */,
				6527E20F220273AA00FFFEDF /* Products */,
				6527E2212203483500FFFEDF /* Frameworks */,
			);
			sourceTree = "<group>";
		};
		6527E20F220273AA00FFFEDF /* Products */ = {
			isa = PBXGroup;
			children = (
				6527E20E220273AA00FFFEDF /* Lab1 */,
			);
			name = Products;
			sourceTree = "<group>";
		};
		6527E210220273AA00FFFEDF /* Lab1 */ = {
			isa = PBXGroup;
			children = (
				6527E22E2203B3A800FFFEDF /* shapes */,
				6527E21B220273CE00FFFEDF /* Defines.cpp */,
				6527E219220273CE00FFFEDF /* Defines.h */,
				6527E218220273CE00FFFEDF /* FrameBuffer.cpp */,
				6527E21A220273CE00FFFEDF /* FrameBuffer.h */,
				6527E21D220273CE00FFFEDF /* Lab1.cpp */,
				6527E21C220273CE00FFFEDF /* Lab1.h */,
			);
			path = Lab1;
			sourceTree = "<group>";
		};
		6527E2212203483500FFFEDF /* Frameworks */ = {
			isa = PBXGroup;
			children = (
				6527E2262203493B00FFFEDF /* OpenGL.framework */,
				6527E2242203493200FFFEDF /* GLUT.framework */,
				6527E2222203483600FFFEDF /* libglut.3.10.0.dylib */,
			);
			name = Frameworks;
			sourceTree = "<group>";
		};
		6527E22E2203B3A800FFFEDF /* shapes */ = {
			isa = PBXGroup;
			children = (
				6527E228220369CD00FFFEDF /* MyRectangle.cpp */,
				6527E22B2203834B00FFFEDF /* Square.cpp */,
				6527E22C2203834B00FFFEDF /* Square.h */,
				6527E229220369CD00FFFEDF /* MyRectangle.h */,
				6527E22F2203B80100FFFEDF /* Triangle.cpp */,
				6527E2302203B80100FFFEDF /* Triangle.h */,
			);
			path = shapes;
			sourceTree = "<group>";
		};
/* End PBXGroup section */

/* Begin PBXNativeTarget section */
		6527E20D220273AA00FFFEDF /* Lab1 */ = {
			isa = PBXNativeTarget;
			buildConfigurationList = 6527E215220273AA00FFFEDF /* Build configuration list for PBXNativeTarget "Lab1" */;
			buildPhases = (
				6527E20A220273AA00FFFEDF /* Sources */,
				6527E20B220273AA00FFFEDF /* Frameworks */,
				6527E20C220273AA00FFFEDF /* CopyFiles */,
			);
			buildRules = (
			);
			dependencies = (
			);
			name = Lab1;
			productName = Lab1;
			productReference = 6527E20E220273AA00FFFEDF /* Lab1 */;
			productType = "com.apple.product-type.tool";
		};
/* End PBXNativeTarget section */

/* Begin PBXProject section */
		6527E206220273AA00FFFEDF /* Project object */ = {
			isa = PBXProject;
			attributes = {
				LastUpgradeCheck = 1010;
				ORGANIZATIONNAME = "Tommy Bojanin";
				TargetAttributes = {
					6527E20D220273AA00FFFEDF = {
						CreatedOnToolsVersion = 10.1;
					};
				};
			};
			buildConfigurationList = 6527E209220273AA00FFFEDF /* Build configuration list for PBXProject "Lab1" */;
			compatibilityVersion = "Xcode 9.3";
			developmentRegion = en;
			hasScannedForEncodings = 0;
			knownRegions = (
				en,
			);
			mainGroup = 6527E205220273AA00FFFEDF;
			productRefGroup = 6527E20F220273AA00FFFEDF /* Products */;
			projectDirPath = "";
			projectRoot = "";
			targets = (
				6527E20D220273AA00FFFEDF /* Lab1 */,
			);
		};
/* End PBXProject section */

/* Begin PBXSourcesBuildPhase section */
		6527E20A220273AA00FFFEDF /* Sources */ = {
			isa = PBXSourcesBuildPhase;
			buildActionMask = 2147483647;
			files = (
				6527E22D2203834B00FFFEDF /* Square.cpp in Sources */,
				6527E2312203B80100FFFEDF /* Triangle.cpp in Sources */,
				6527E220220273CE00FFFEDF /* Lab1.cpp in Sources */,
				6527E21F220273CE00FFFEDF /* Defines.cpp in Sources */,
				6527E21E220273CE00FFFEDF /* FrameBuffer.cpp in Sources */,
				6527E22A220369CD00FFFEDF /* MyRectangle.cpp in Sources */,
			);
			runOnlyForDeploymentPostprocessing = 0;
		};
/* End PBXSourcesBuildPhase section */

/* Begin XCBuildConfiguration section */
		6527E213220273AA00FFFEDF /* Debug */ = {
			isa = XCBuildConfiguration;
			buildSettings = {
				ALWAYS_SEARCH_USER_PATHS = YES;
				CLANG_ANALYZER_NONNULL = YES;
				CLANG_ANALYZER_NUMBER_OBJECT_CONVERSION = YES_AGGRESSIVE;
				CLANG_CXX_LANGUAGE_STANDARD = "gnu++14";
				CLANG_CXX_LIBRARY = "libc++";
				CLANG_ENABLE_MODULES = YES;
				CLANG_ENABLE_OBJC_ARC = YES;
				CLANG_ENABLE_OBJC_WEAK = YES;
				CLANG_WARN_BLOCK_CAPTURE_AUTORELEASING = YES;
				CLANG_WARN_BOOL_CONVERSION = YES;
				CLANG_WARN_COMMA = YES;
				CLANG_WARN_CONSTANT_CONVERSION = YES;
				CLANG_WARN_DEPRECATED_OBJC_IMPLEMENTATIONS = YES;
				CLANG_WARN_DIRECT_OBJC_ISA_USAGE = YES_ERROR;
				CLANG_WARN_DOCUMENTATION_COMMENTS = YES;
				CLANG_WARN_EMPTY_BODY = YES;
				CLANG_WARN_ENUM_CONVERSION = YES;
				CLANG_WARN_INFINITE_RECURSION = YES;
				CLANG_WARN_INT_CONVERSION = YES;
				CLANG_WARN_NON_LITERAL_NULL_CONVERSION = YES;
				CLANG_WARN_OBJC_IMPLICIT_RETAIN_SELF = YES;
				CLANG_WARN_OBJC_LITERAL_CONVERSION = YES;
				CLANG_WARN_OBJC_ROOT_CLASS = YES_ERROR;
				CLANG_WARN_RANGE_LOOP_ANALYSIS = YES;
				CLANG_WARN_STRICT_PROTOTYPES = YES;
				CLANG_WARN_SUSPICIOUS_MOVE = YES;
				CLANG_WARN_UNGUARDED_AVAILABILITY = YES_AGGRESSIVE;
				CLANG_WARN_UNREACHABLE_CODE = YES;
				CLANG_WARN__DUPLICATE_METHOD_MATCH = YES;
				CODE_SIGN_IDENTITY = "Mac Developer";
				COPY_PHASE_STRIP = NO;
				DEBUG_INFORMATION_FORMAT = dwarf;
				ENABLE_STRICT_OBJC_MSGSEND = YES;
				ENABLE_TESTABILITY = YES;
				GCC_C_LANGUAGE_STANDARD = gnu11;
				GCC_DYNAMIC_NO_PIC = NO;
				GCC_NO_COMMON_BLOCKS = YES;
				GCC_OPTIMIZATION_LEVEL = 0;
				GCC_PREPROCESSOR_DEFINITIONS = (
					"DEBUG=1",
					"$(inherited)",
				);
				GCC_WARN_64_TO_32_BIT_CONVERSION = YES;
				GCC_WARN_ABOUT_RETURN_TYPE = YES_ERROR;
				GCC_WARN_UNDECLARED_SELECTOR = YES;
				GCC_WARN_UNINITIALIZED_AUTOS = YES_AGGRESSIVE;
				GCC_WARN_UNUSED_FUNCTION = YES;
				GCC_WARN_UNUSED_VARIABLE = YES;
				MACOSX_DEPLOYMENT_TARGET = 10.14;
				MTL_ENABLE_DEBUG_INFO = INCLUDE_SOURCE;
				MTL_FAST_MATH = YES;
				ONLY_ACTIVE_ARCH = YES;
				SDKROOT = macosx;
				USER_HEADER_SEARCH_PATHS = "/Users/tommy/Documents/useful_headers/**";
			};
			name = Debug;
		};
		6527E214220273AA00FFFEDF /* Release */ = {
			isa = XCBuildConfiguration;
			buildSettings = {
				ALWAYS_SEARCH_USER_PATHS = YES;
				CLANG_ANALYZER_NONNULL = YES;
				CLANG_ANALYZER_NUMBER_OBJECT_CONVERSION = YES_AGGRESSIVE;
				CLANG_CXX_LANGUAGE_STANDARD = "gnu++14";
				CLANG_CXX_LIBRARY = "libc++";
				CLANG_ENABLE_MODULES = YES;
				CLANG_ENABLE_OBJC_ARC = YES;
				CLANG_ENABLE_OBJC_WEAK = YES;
				CLANG_WARN_BLOCK_CAPTURE_AUTORELEASING = YES;
				CLANG_WARN_BOOL_CONVERSION = YES;
				CLANG_WARN_COMMA = YES;
				CLANG_WARN_CONSTANT_CONVERSION = YES;
				CLANG_WARN_DEPRECATED_OBJC_IMPLEMENTATIONS = YES;
				CLANG_WARN_DIRECT_OBJC_ISA_USAGE = YES_ERROR;
				CLANG_WARN_DOCUMENTATION_COMMENTS = YES;
				CLANG_WARN_EMPTY_BODY = YES;
				CLANG_WARN_ENUM_CONVERSION = YES;
				CLANG_WARN_INFINITE_RECURSION = YES;
				CLANG_WARN_INT_CONVERSION = YES;
				CLANG_WARN_NON_LITERAL_NULL_CONVERSION = YES;
				CLANG_WARN_OBJC_IMPLICIT_RETAIN_SELF = YES;
				CLANG_WARN_OBJC_LITERAL_CONVERSION = YES;
				CLANG_WARN_OBJC_ROOT_CLASS = YES_ERROR;
				CLANG_WARN_RANGE_LOOP_ANALYSIS = YES;
				CLANG_WARN_STRICT_PROTOTYPES = YES;
				CLANG_WARN_SUSPICIOUS_MOVE = YES;
				CLANG_WARN_UNGUARDED_AVAILABILITY = YES_AGGRESSIVE;
				CLANG_WARN_UNREACHABLE_CODE = YES;
				CLANG_WARN__DUPLICATE_METHOD_MATCH = YES;
				CODE_SIGN_IDENTITY = "Mac Developer";
				COPY_PHASE_STRIP = NO;
				DEBUG_INFORMATION_FORMAT = "dwarf-with-dsym";
				ENABLE_NS_ASSERTIONS = NO;
				ENABLE_STRICT_OBJC_MSGSEND = YES;
				GCC_C_LANGUAGE_STANDARD = gnu11;
				GCC_NO_COMMON_BLOCKS = YES;
				GCC_WARN_64_TO_32_BIT_CONVERSION = YES;
				GCC_WARN_ABOUT_RETURN_TYPE = YES_ERROR;
				GCC_WARN_UNDECLARED_SELECTOR = YES;
				GCC_WARN_UNINITIALIZED_AUTOS = YES_AGGRESSIVE;
				GCC_WARN_UNUSED_FUNCTION = YES;
				GCC_WARN_UNUSED_VARIABLE = YES;
				MACOSX_DEPLOYMENT_TARGET = 10.14;
				MTL_ENABLE_DEBUG_INFO = NO;
				MTL_FAST_MATH = YES;
				SDKROOT = macosx;
				USER_HEADER_SEARCH_PATHS = "/Users/tommy/Documents/useful_headers/**";
			};
			name = Release;
		};
		6527E216220273AA00FFFEDF /* Debug */ = {
			isa = XCBuildConfiguration;
			buildSettings = {
				CODE_SIGN_STYLE = Automatic;
				DEVELOPMENT_TEAM = E3G5SAS68Z;
				LIBRARY_SEARCH_PATHS = (
					"$(inherited)",
					/usr/local/Cellar/freeglut/3.0.0/lib,
				);
				PRODUCT_NAME = "$(TARGET_NAME)";
			};
			name = Debug;
		};
		6527E217220273AA00FFFEDF /* Release */ = {
			isa = XCBuildConfiguration;
			buildSettings = {
				CODE_SIGN_STYLE = Automatic;
				DEVELOPMENT_TEAM = E3G5SAS68Z;
				LIBRARY_SEARCH_PATHS = (
					"$(inherited)",
					/usr/local/Cellar/freeglut/3.0.0/lib,
				);
				PRODUCT_NAME = "$(TARGET_NAME)";
			};
			name = Release;
		};
/* End XCBuildConfiguration section */

/* Begin XCConfigurationList section */
		6527E209220273AA00FFFEDF /* Build configuration list for PBXProject "Lab1" */ = {
			isa = XCConfigurationList;
			buildConfigurations = (
				6527E213220273AA00FFFEDF /* Debug */,
				6527E214220273AA00FFFEDF /* Release */,
			);
			defaultConfigurationIsVisible = 0;
			defaultConfigurationName = Release;
		};
		6527E215220273AA00FFFEDF /* Build configuration list for PBXNativeTarget "Lab1" */ = {
			isa = XCConfigurationList;
			buildConfigurations = (
				6527E216220273AA00FFFEDF /* Debug */,
				6527E217220273AA00FFFEDF /* Release */,
			);
			defaultConfigurationIsVisible = 0;
			defaultConfigurationName = Release;
		};
/* End XCConfigurationList section */
	};
	rootObject = 6527E206220273AA00FFFEDF /* Project object */;
}
